
Microsoft Visual Studio Solution File, Format Version 12.00
# Visual Studio Version 16
VisualStudioVersion = 16.0.30907.101
MinimumVisualStudioVersion = 10.0.40219.1
Project("{F2A71F9B-5D33-465A-A702-920D77279786}") = "KFCFs", "KFCFs\KFCFs.fsproj", "{C2D36EE1-37CB-463F-8EFB-0A5A913D6BA3}"
EndProject
Global
	GlobalSection(SolutionConfigurationPlatforms) = preSolution
		Debug|Any CPU = Debug|Any CPU
		Release|Any CPU = Release|Any CPU
	EndGlobalSection
	GlobalSection(ProjectConfigurationPlatforms) = postSolution
		{C2D36EE1-37CB-463F-8EFB-0A5A913D6BA3}.Debug|Any CPU.ActiveCfg = Debug|Any CPU
		{C2D36EE1-37CB-463F-8EFB-0A5A913D6BA3}.Debug|Any CPU.Build.0 = Debug|Any CPU
		{C2D36EE1-37CB-463F-8EFB-0A5A913D6BA3}.Release|Any CPU.ActiveCfg = Release|Any CPU
		{C2D36EE1-37CB-463F-8EFB-0A5A913D6BA3}.Release|Any CPU.Build.0 = Release|Any CPU
	EndGlobalSection
	GlobalSection(SolutionProperties) = preSolution
		HideSolutionNode = FALSE
	EndGlobalSection
	GlobalSection(ExtensibilityGlobals) = postSolution
		SolutionGuid = {0A6A6124-DB56-46F5-833F-D6259BC2D4F1}
	EndGlobalSection
EndGlobal
